
Microsoft Visual Studio Solution File, Format Version 12.00
# Visual Studio Version 17
VisualStudioVersion = 17.5.33627.172
MinimumVisualStudioVersion = 10.0.40219.1
Project("{FAE04EC0-301F-11D3-BF4B-00C04F79EFBC}") = "Task4_2", "Task4_2.csproj", "{FDE0C018-E38A-4C61-8EEA-F1F40607FD0F}"
EndProject
Global
	GlobalSection(SolutionConfigurationPlatforms) = preSolution
		Debug|Any CPU = Debug|Any CPU
		Release|Any CPU = Release|Any CPU
	EndGlobalSection
	GlobalSection(ProjectConfigurationPlatforms) = postSolution
		{FDE0C018-E38A-4C61-8EEA-F1F40607FD0F}.Debug|Any CPU.ActiveCfg = Debug|Any CPU
		{FDE0C018-E38A-4C61-8EEA-F1F40607FD0F}.Debug|Any CPU.Build.0 = Debug|Any CPU
		{FDE0C018-E38A-4C61-8EEA-F1F40607FD0F}.Release|Any CPU.ActiveCfg = Release|Any CPU
		{FDE0C018-E38A-4C61-8EEA-F1F40607FD0F}.Release|Any CPU.Build.0 = Release|Any CPU
	EndGlobalSection
	GlobalSection(SolutionProperties) = preSolution
		HideSolutionNode = FALSE
	EndGlobalSection
	GlobalSection(ExtensibilityGlobals) = postSolution
		SolutionGuid = {2D232E74-25A2-455A-AD29-463ED0FCE1FF}
	EndGlobalSection
EndGlobal
